// !$*UTF8*$!
{
	archiveVersion = 1;
	classes = {
	};
	objectVersion = 50;
	objects = {

/* Begin PBXBuildFile section */
		76376EEF212D28E40057DA02 /* NetworkManager.swift in Sources */ = {isa = PBXBuildFile; fileRef = 76376EEE212D28E40057DA02 /* NetworkManager.swift */; };
		76376EF2212D2A2E0057DA02 /* Data.swift in Sources */ = {isa = PBXBuildFile; fileRef = 76376EF1212D2A2E0057DA02 /* Data.swift */; };
		76376EF4212D41090057DA02 /* Config.swift in Sources */ = {isa = PBXBuildFile; fileRef = 76376EF3212D41090057DA02 /* Config.swift */; };
		76376EF8212D5CA20057DA02 /* DetailsController.swift in Sources */ = {isa = PBXBuildFile; fileRef = 76376EF7212D5CA20057DA02 /* DetailsController.swift */; };
		76712155212C443500652E3D /* AppDelegate.swift in Sources */ = {isa = PBXBuildFile; fileRef = 76712154212C443500652E3D /* AppDelegate.swift */; };
		76712157212C443500652E3D /* SearchController.swift in Sources */ = {isa = PBXBuildFile; fileRef = 76712156212C443500652E3D /* SearchController.swift */; };
		7671215A212C443500652E3D /* Main.storyboard in Resources */ = {isa = PBXBuildFile; fileRef = 76712158212C443500652E3D /* Main.storyboard */; };
		7671215C212C443900652E3D /* Assets.xcassets in Resources */ = {isa = PBXBuildFile; fileRef = 7671215B212C443900652E3D /* Assets.xcassets */; };
		7671215F212C443900652E3D /* LaunchScreen.storyboard in Resources */ = {isa = PBXBuildFile; fileRef = 7671215D212C443900652E3D /* LaunchScreen.storyboard */; };
		ABF086B7D74B1C2C0082BAE0 /* Pods_WeatherApp_Swift.framework in Frameworks */ = {isa = PBXBuildFile; fileRef = 0C17F1010B4BF601CC50059E /* Pods_WeatherApp_Swift.framework */; };
		B5F795FE216400A80098DBB3 /* WeatherMappable.swift in Sources */ = {isa = PBXBuildFile; fileRef = B5F795FD216400A80098DBB3 /* WeatherMappable.swift */; };
		B5F796012164183A0098DBB3 /* Repository.swift in Sources */ = {isa = PBXBuildFile; fileRef = B5F796002164183A0098DBB3 /* Repository.swift */; };
		B5F7960321641A370098DBB3 /* Weather.swift in Sources */ = {isa = PBXBuildFile; fileRef = B5F7960221641A370098DBB3 /* Weather.swift */; };
		B5F7960521641FAE0098DBB3 /* StoreManager.swift in Sources */ = {isa = PBXBuildFile; fileRef = B5F7960421641FAE0098DBB3 /* StoreManager.swift */; };
		B5F79607216422D40098DBB3 /* WeatherRealm.swift in Sources */ = {isa = PBXBuildFile; fileRef = B5F79606216422D40098DBB3 /* WeatherRealm.swift */; };
/* End PBXBuildFile section */

/* Begin PBXFileReference section */
		0C17F1010B4BF601CC50059E /* Pods_WeatherApp_Swift.framework */ = {isa = PBXFileReference; explicitFileType = wrapper.framework; includeInIndex = 0; path = Pods_WeatherApp_Swift.framework; sourceTree = BUILT_PRODUCTS_DIR; };
		6BFD1FDC3BAE0600A985FC7A /* Pods-WeatherApp-Swift.release.xcconfig */ = {isa = PBXFileReference; includeInIndex = 1; lastKnownFileType = text.xcconfig; name = "Pods-WeatherApp-Swift.release.xcconfig"; path = "Pods/Target Support Files/Pods-WeatherApp-Swift/Pods-WeatherApp-Swift.release.xcconfig"; sourceTree = "<group>"; };
		76376EEE212D28E40057DA02 /* NetworkManager.swift */ = {isa = PBXFileReference; lastKnownFileType = sourcecode.swift; path = NetworkManager.swift; sourceTree = "<group>"; };
		76376EF1212D2A2E0057DA02 /* Data.swift */ = {isa = PBXFileReference; lastKnownFileType = sourcecode.swift; path = Data.swift; sourceTree = "<group>"; };
		76376EF3212D41090057DA02 /* Config.swift */ = {isa = PBXFileReference; lastKnownFileType = sourcecode.swift; path = Config.swift; sourceTree = "<group>"; };
		76376EF7212D5CA20057DA02 /* DetailsController.swift */ = {isa = PBXFileReference; lastKnownFileType = sourcecode.swift; path = DetailsController.swift; sourceTree = "<group>"; };
		76712151212C443500652E3D /* WeatherApp-Swift.app */ = {isa = PBXFileReference; explicitFileType = wrapper.application; includeInIndex = 0; path = "WeatherApp-Swift.app"; sourceTree = BUILT_PRODUCTS_DIR; };
		76712154212C443500652E3D /* AppDelegate.swift */ = {isa = PBXFileReference; lastKnownFileType = sourcecode.swift; path = AppDelegate.swift; sourceTree = "<group>"; };
		76712156212C443500652E3D /* SearchController.swift */ = {isa = PBXFileReference; lastKnownFileType = sourcecode.swift; path = SearchController.swift; sourceTree = "<group>"; };
		76712159212C443500652E3D /* Base */ = {isa = PBXFileReference; lastKnownFileType = file.storyboard; name = Base; path = Base.lproj/Main.storyboard; sourceTree = "<group>"; };
		7671215B212C443900652E3D /* Assets.xcassets */ = {isa = PBXFileReference; lastKnownFileType = folder.assetcatalog; path = Assets.xcassets; sourceTree = "<group>"; };
		7671215E212C443900652E3D /* Base */ = {isa = PBXFileReference; lastKnownFileType = file.storyboard; name = Base; path = Base.lproj/LaunchScreen.storyboard; sourceTree = "<group>"; };
		76712160212C443900652E3D /* Info.plist */ = {isa = PBXFileReference; lastKnownFileType = text.plist.xml; path = Info.plist; sourceTree = "<group>"; };
		B5F795FD216400A80098DBB3 /* WeatherMappable.swift */ = {isa = PBXFileReference; lastKnownFileType = sourcecode.swift; path = WeatherMappable.swift; sourceTree = "<group>"; };
		B5F796002164183A0098DBB3 /* Repository.swift */ = {isa = PBXFileReference; lastKnownFileType = sourcecode.swift; path = Repository.swift; sourceTree = "<group>"; };
		B5F7960221641A370098DBB3 /* Weather.swift */ = {isa = PBXFileReference; lastKnownFileType = sourcecode.swift; path = Weather.swift; sourceTree = "<group>"; };
		B5F7960421641FAE0098DBB3 /* StoreManager.swift */ = {isa = PBXFileReference; lastKnownFileType = sourcecode.swift; path = StoreManager.swift; sourceTree = "<group>"; };
		B5F79606216422D40098DBB3 /* WeatherRealm.swift */ = {isa = PBXFileReference; lastKnownFileType = sourcecode.swift; path = WeatherRealm.swift; sourceTree = "<group>"; };
		E57E56AF2BEAAA1F1EB04C1A /* Pods-WeatherApp-Swift.debug.xcconfig */ = {isa = PBXFileReference; includeInIndex = 1; lastKnownFileType = text.xcconfig; name = "Pods-WeatherApp-Swift.debug.xcconfig"; path = "Pods/Target Support Files/Pods-WeatherApp-Swift/Pods-WeatherApp-Swift.debug.xcconfig"; sourceTree = "<group>"; };
/* End PBXFileReference section */

/* Begin PBXFrameworksBuildPhase section */
		7671214E212C443500652E3D /* Frameworks */ = {
			isa = PBXFrameworksBuildPhase;
			buildActionMask = 2147483647;
			files = (
				ABF086B7D74B1C2C0082BAE0 /* Pods_WeatherApp_Swift.framework in Frameworks */,
			);
			runOnlyForDeploymentPostprocessing = 0;
		};
/* End PBXFrameworksBuildPhase section */

/* Begin PBXGroup section */
		76376EE9212D27FA0057DA02 /* Sources */ = {
			isa = PBXGroup;
			children = (
				B5F795FF216418110098DBB3 /* Repository */,
				B5F795FC216400860098DBB3 /* Model */,
				76376EF5212D5B560057DA02 /* Controller */,
				76376EF0212D2A1E0057DA02 /* Extension */,
				76376EED212D28BA0057DA02 /* Managers */,
				76712154212C443500652E3D /* AppDelegate.swift */,
				76712158212C443500652E3D /* Main.storyboard */,
				76376EF3212D41090057DA02 /* Config.swift */,
			);
			path = Sources;
			sourceTree = "<group>";
		};
		76376EEA212D28280057DA02 /* StartController */ = {
			isa = PBXGroup;
			children = (
				76712156212C443500652E3D /* SearchController.swift */,
			);
			path = StartController;
			sourceTree = "<group>";
		};
		76376EEC212D284A0057DA02 /* Resources */ = {
			isa = PBXGroup;
			children = (
				7671215B212C443900652E3D /* Assets.xcassets */,
				7671215D212C443900652E3D /* LaunchScreen.storyboard */,
				76712160212C443900652E3D /* Info.plist */,
			);
			path = Resources;
			sourceTree = "<group>";
		};
		76376EED212D28BA0057DA02 /* Managers */ = {
			isa = PBXGroup;
			children = (
				76376EEE212D28E40057DA02 /* NetworkManager.swift */,
				B5F7960421641FAE0098DBB3 /* StoreManager.swift */,
			);
			path = Managers;
			sourceTree = "<group>";
		};
		76376EF0212D2A1E0057DA02 /* Extension */ = {
			isa = PBXGroup;
			children = (
				76376EF1212D2A2E0057DA02 /* Data.swift */,
			);
			path = Extension;
			sourceTree = "<group>";
		};
		76376EF5212D5B560057DA02 /* Controller */ = {
			isa = PBXGroup;
			children = (
				76376EF6212D5C110057DA02 /* DetailsController */,
				76376EEA212D28280057DA02 /* StartController */,
			);
			path = Controller;
			sourceTree = "<group>";
		};
		76376EF6212D5C110057DA02 /* DetailsController */ = {
			isa = PBXGroup;
			children = (
				76376EF7212D5CA20057DA02 /* DetailsController.swift */,
			);
			path = DetailsController;
			sourceTree = "<group>";
		};
		76712148212C443500652E3D = {
			isa = PBXGroup;
			children = (
				76712153212C443500652E3D /* WeatherApp-Swift */,
				76712152212C443500652E3D /* Products */,
				85972C3044F7E2813AB11D80 /* Pods */,
				E1E0329887CFC73589E479EC /* Frameworks */,
			);
			sourceTree = "<group>";
		};
		76712152212C443500652E3D /* Products */ = {
			isa = PBXGroup;
			children = (
				76712151212C443500652E3D /* WeatherApp-Swift.app */,
			);
			name = Products;
			sourceTree = "<group>";
		};
		76712153212C443500652E3D /* WeatherApp-Swift */ = {
			isa = PBXGroup;
			children = (
				76376EE9212D27FA0057DA02 /* Sources */,
				76376EEC212D284A0057DA02 /* Resources */,
			);
			path = "WeatherApp-Swift";
			sourceTree = "<group>";
		};
		85972C3044F7E2813AB11D80 /* Pods */ = {
			isa = PBXGroup;
			children = (
				E57E56AF2BEAAA1F1EB04C1A /* Pods-WeatherApp-Swift.debug.xcconfig */,
				6BFD1FDC3BAE0600A985FC7A /* Pods-WeatherApp-Swift.release.xcconfig */,
			);
			name = Pods;
			sourceTree = "<group>";
		};
		B5F795FC216400860098DBB3 /* Model */ = {
			isa = PBXGroup;
			children = (
				B5F795FD216400A80098DBB3 /* WeatherMappable.swift */,
				B5F7960221641A370098DBB3 /* Weather.swift */,
				B5F79606216422D40098DBB3 /* WeatherRealm.swift */,
			);
			path = Model;
			sourceTree = "<group>";
		};
		B5F795FF216418110098DBB3 /* Repository */ = {
			isa = PBXGroup;
			children = (
				B5F796002164183A0098DBB3 /* Repository.swift */,
			);
			path = Repository;
			sourceTree = "<group>";
		};
		E1E0329887CFC73589E479EC /* Frameworks */ = {
			isa = PBXGroup;
			children = (
				0C17F1010B4BF601CC50059E /* Pods_WeatherApp_Swift.framework */,
			);
			name = Frameworks;
			sourceTree = "<group>";
		};
/* End PBXGroup section */

/* Begin PBXNativeTarget section */
		76712150212C443500652E3D /* WeatherApp-Swift */ = {
			isa = PBXNativeTarget;
			buildConfigurationList = 76712163212C443900652E3D /* Build configuration list for PBXNativeTarget "WeatherApp-Swift" */;
			buildPhases = (
				5155F5528134F6367124AD8C /* [CP] Check Pods Manifest.lock */,
				7671214D212C443500652E3D /* Sources */,
				7671214E212C443500652E3D /* Frameworks */,
				7671214F212C443500652E3D /* Resources */,
				A4F45C8D115F77CC592398D2 /* [CP] Embed Pods Frameworks */,
			);
			buildRules = (
			);
			dependencies = (
			);
			name = "WeatherApp-Swift";
			productName = "WeatherApp-Swift";
			productReference = 76712151212C443500652E3D /* WeatherApp-Swift.app */;
			productType = "com.apple.product-type.application";
		};
/* End PBXNativeTarget section */

/* Begin PBXProject section */
		76712149212C443500652E3D /* Project object */ = {
			isa = PBXProject;
			attributes = {
				LastSwiftUpdateCheck = 0940;
				LastUpgradeCheck = 0940;
				ORGANIZATIONNAME = kostindevelop;
				TargetAttributes = {
					76712150212C443500652E3D = {
						CreatedOnToolsVersion = 9.4.1;
					};
				};
			};
			buildConfigurationList = 7671214C212C443500652E3D /* Build configuration list for PBXProject "WeatherApp-Swift" */;
			compatibilityVersion = "Xcode 9.3";
			developmentRegion = en;
			hasScannedForEncodings = 0;
			knownRegions = (
				en,
				Base,
			);
			mainGroup = 76712148212C443500652E3D;
			productRefGroup = 76712152212C443500652E3D /* Products */;
			projectDirPath = "";
			projectRoot = "";
			targets = (
				76712150212C443500652E3D /* WeatherApp-Swift */,
			);
		};
/* End PBXProject section */

/* Begin PBXResourcesBuildPhase section */
		7671214F212C443500652E3D /* Resources */ = {
			isa = PBXResourcesBuildPhase;
			buildActionMask = 2147483647;
			files = (
				7671215F212C443900652E3D /* LaunchScreen.storyboard in Resources */,
				7671215C212C443900652E3D /* Assets.xcassets in Resources */,
				7671215A212C443500652E3D /* Main.storyboard in Resources */,
			);
			runOnlyForDeploymentPostprocessing = 0;
		};
/* End PBXResourcesBuildPhase section */

/* Begin PBXShellScriptBuildPhase section */
		5155F5528134F6367124AD8C /* [CP] Check Pods Manifest.lock */ = {
			isa = PBXShellScriptBuildPhase;
			buildActionMask = 2147483647;
			files = (
			);
			inputPaths = (
				"${PODS_PODFILE_DIR_PATH}/Podfile.lock",
				"${PODS_ROOT}/Manifest.lock",
			);
			name = "[CP] Check Pods Manifest.lock";
			outputPaths = (
				"$(DERIVED_FILE_DIR)/Pods-WeatherApp-Swift-checkManifestLockResult.txt",
			);
			runOnlyForDeploymentPostprocessing = 0;
			shellPath = /bin/sh;
			shellScript = "diff \"${PODS_PODFILE_DIR_PATH}/Podfile.lock\" \"${PODS_ROOT}/Manifest.lock\" > /dev/null\nif [ $? != 0 ] ; then\n    # print error to STDERR\n    echo \"error: The sandbox is not in sync with the Podfile.lock. Run 'pod install' or update your CocoaPods installation.\" >&2\n    exit 1\nfi\n# This output is used by Xcode 'outputs' to avoid re-running this script phase.\necho \"SUCCESS\" > \"${SCRIPT_OUTPUT_FILE_0}\"\n";
			showEnvVarsInLog = 0;
		};
		A4F45C8D115F77CC592398D2 /* [CP] Embed Pods Frameworks */ = {
			isa = PBXShellScriptBuildPhase;
			buildActionMask = 2147483647;
			files = (
			);
			inputPaths = (
				"${SRCROOT}/Pods/Target Support Files/Pods-WeatherApp-Swift/Pods-WeatherApp-Swift-frameworks.sh",
				"${BUILT_PRODUCTS_DIR}/Alamofire/Alamofire.framework",
				"${BUILT_PRODUCTS_DIR}/ObjectMapper/ObjectMapper.framework",
				"${BUILT_PRODUCTS_DIR}/Realm/Realm.framework",
				"${BUILT_PRODUCTS_DIR}/RealmSwift/RealmSwift.framework",
			);
			name = "[CP] Embed Pods Frameworks";
			outputPaths = (
				"${TARGET_BUILD_DIR}/${FRAMEWORKS_FOLDER_PATH}/Alamofire.framework",
				"${TARGET_BUILD_DIR}/${FRAMEWORKS_FOLDER_PATH}/ObjectMapper.framework",
				"${TARGET_BUILD_DIR}/${FRAMEWORKS_FOLDER_PATH}/Realm.framework",
				"${TARGET_BUILD_DIR}/${FRAMEWORKS_FOLDER_PATH}/RealmSwift.framework",
			);
			runOnlyForDeploymentPostprocessing = 0;
			shellPath = /bin/sh;
			shellScript = "\"${SRCROOT}/Pods/Target Support Files/Pods-WeatherApp-Swift/Pods-WeatherApp-Swift-frameworks.sh\"\n";
			showEnvVarsInLog = 0;
		};
/* End PBXShellScriptBuildPhase section */

/* Begin PBXSourcesBuildPhase section */
		7671214D212C443500652E3D /* Sources */ = {
			isa = PBXSourcesBuildPhase;
			buildActionMask = 2147483647;
			files = (
				76376EEF212D28E40057DA02 /* NetworkManager.swift in Sources */,
				76712157212C443500652E3D /* SearchController.swift in Sources */,
				76376EF4212D41090057DA02 /* Config.swift in Sources */,
				B5F796012164183A0098DBB3 /* Repository.swift in Sources */,
				B5F7960321641A370098DBB3 /* Weather.swift in Sources */,
				B5F79607216422D40098DBB3 /* WeatherRealm.swift in Sources */,
				B5F795FE216400A80098DBB3 /* WeatherMappable.swift in Sources */,
				76712155212C443500652E3D /* AppDelegate.swift in Sources */,
				B5F7960521641FAE0098DBB3 /* StoreManager.swift in Sources */,
				76376EF8212D5CA20057DA02 /* DetailsController.swift in Sources */,
				76376EF2212D2A2E0057DA02 /* Data.swift in Sources */,
			);
			runOnlyForDeploymentPostprocessing = 0;
		};
/* End PBXSourcesBuildPhase section */

/* Begin PBXVariantGroup section */
		76712158212C443500652E3D /* Main.storyboard */ = {
			isa = PBXVariantGroup;
			children = (
				76712159212C443500652E3D /* Base */,
			);
			name = Main.storyboard;
			sourceTree = "<group>";
		};
		7671215D212C443900652E3D /* LaunchScreen.storyboard */ = {
			isa = PBXVariantGroup;
			children = (
				7671215E212C443900652E3D /* Base */,
			);
			name = LaunchScreen.storyboard;
			sourceTree = "<group>";
		};
/* End PBXVariantGroup section */

/* Begin XCBuildConfiguration section */
		76712161212C443900652E3D /* Debug */ = {
			isa = XCBuildConfiguration;
			buildSettings = {
				ALWAYS_SEARCH_USER_PATHS = NO;
				CLANG_ANALYZER_NONNULL = YES;
				CLANG_ANALYZER_NUMBER_OBJECT_CONVERSION = YES_AGGRESSIVE;
				CLANG_CXX_LANGUAGE_STANDARD = "gnu++14";
				CLANG_CXX_LIBRARY = "libc++";
				CLANG_ENABLE_MODULES = YES;
				CLANG_ENABLE_OBJC_ARC = YES;
				CLANG_ENABLE_OBJC_WEAK = YES;
				CLANG_WARN_BLOCK_CAPTURE_AUTORELEASING = YES;
				CLANG_WARN_BOOL_CONVERSION = YES;
				CLANG_WARN_COMMA = YES;
				CLANG_WARN_CONSTANT_CONVERSION = YES;
				CLANG_WARN_DEPRECATED_OBJC_IMPLEMENTATIONS = YES;
				CLANG_WARN_DIRECT_OBJC_ISA_USAGE = YES_ERROR;
				CLANG_WARN_DOCUMENTATION_COMMENTS = YES;
				CLANG_WARN_EMPTY_BODY = YES;
				CLANG_WARN_ENUM_CONVERSION = YES;
				CLANG_WARN_INFINITE_RECURSION = YES;
				CLANG_WARN_INT_CONVERSION = YES;
				CLANG_WARN_NON_LITERAL_NULL_CONVERSION = YES;
				CLANG_WARN_OBJC_IMPLICIT_RETAIN_SELF = YES;
				CLANG_WARN_OBJC_LITERAL_CONVERSION = YES;
				CLANG_WARN_OBJC_ROOT_CLASS = YES_ERROR;
				CLANG_WARN_RANGE_LOOP_ANALYSIS = YES;
				CLANG_WARN_STRICT_PROTOTYPES = YES;
				CLANG_WARN_SUSPICIOUS_MOVE = YES;
				CLANG_WARN_UNGUARDED_AVAILABILITY = YES_AGGRESSIVE;
				CLANG_WARN_UNREACHABLE_CODE = YES;
				CLANG_WARN__DUPLICATE_METHOD_MATCH = YES;
				CODE_SIGN_IDENTITY = "iPhone Developer";
				COPY_PHASE_STRIP = NO;
				DEBUG_INFORMATION_FORMAT = dwarf;
				ENABLE_STRICT_OBJC_MSGSEND = YES;
				ENABLE_TESTABILITY = YES;
				GCC_C_LANGUAGE_STANDARD = gnu11;
				GCC_DYNAMIC_NO_PIC = NO;
				GCC_NO_COMMON_BLOCKS = YES;
				GCC_OPTIMIZATION_LEVEL = 0;
				GCC_PREPROCESSOR_DEFINITIONS = (
					"DEBUG=1",
					"$(inherited)",
				);
				GCC_WARN_64_TO_32_BIT_CONVERSION = YES;
				GCC_WARN_ABOUT_RETURN_TYPE = YES_ERROR;
				GCC_WARN_UNDECLARED_SELECTOR = YES;
				GCC_WARN_UNINITIALIZED_AUTOS = YES_AGGRESSIVE;
				GCC_WARN_UNUSED_FUNCTION = YES;
				GCC_WARN_UNUSED_VARIABLE = YES;
				IPHONEOS_DEPLOYMENT_TARGET = 11.0;
				MTL_ENABLE_DEBUG_INFO = YES;
				ONLY_ACTIVE_ARCH = YES;
				SDKROOT = iphoneos;
				SWIFT_ACTIVE_COMPILATION_CONDITIONS = DEBUG;
				SWIFT_OPTIMIZATION_LEVEL = "-Onone";
			};
			name = Debug;
		};
		76712162212C443900652E3D /* Release */ = {
			isa = XCBuildConfiguration;
			buildSettings = {
				ALWAYS_SEARCH_USER_PATHS = NO;
				CLANG_ANALYZER_NONNULL = YES;
				CLANG_ANALYZER_NUMBER_OBJECT_CONVERSION = YES_AGGRESSIVE;
				CLANG_CXX_LANGUAGE_STANDARD = "gnu++14";
				CLANG_CXX_LIBRARY = "libc++";
				CLANG_ENABLE_MODULES = YES;
				CLANG_ENABLE_OBJC_ARC = YES;
				CLANG_ENABLE_OBJC_WEAK = YES;
				CLANG_WARN_BLOCK_CAPTURE_AUTORELEASING = YES;
				CLANG_WARN_BOOL_CONVERSION = YES;
				CLANG_WARN_COMMA = YES;
				CLANG_WARN_CONSTANT_CONVERSION = YES;
				CLANG_WARN_DEPRECATED_OBJC_IMPLEMENTATIONS = YES;
				CLANG_WARN_DIRECT_OBJC_ISA_USAGE = YES_ERROR;
				CLANG_WARN_DOCUMENTATION_COMMENTS = YES;
				CLANG_WARN_EMPTY_BODY = YES;
				CLANG_WARN_ENUM_CONVERSION = YES;
				CLANG_WARN_INFINITE_RECURSION = YES;
				CLANG_WARN_INT_CONVERSION = YES;
				CLANG_WARN_NON_LITERAL_NULL_CONVERSION = YES;
				CLANG_WARN_OBJC_IMPLICIT_RETAIN_SELF = YES;
				CLANG_WARN_OBJC_LITERAL_CONVERSION = YES;
				CLANG_WARN_OBJC_ROOT_CLASS = YES_ERROR;
				CLANG_WARN_RANGE_LOOP_ANALYSIS = YES;
				CLANG_WARN_STRICT_PROTOTYPES = YES;
				CLANG_WARN_SUSPICIOUS_MOVE = YES;
				CLANG_WARN_UNGUARDED_AVAILABILITY = YES_AGGRESSIVE;
				CLANG_WARN_UNREACHABLE_CODE = YES;
				CLANG_WARN__DUPLICATE_METHOD_MATCH = YES;
				CODE_SIGN_IDENTITY = "iPhone Developer";
				COPY_PHASE_STRIP = NO;
				DEBUG_INFORMATION_FORMAT = "dwarf-with-dsym";
				ENABLE_NS_ASSERTIONS = NO;
				ENABLE_STRICT_OBJC_MSGSEND = YES;
				GCC_C_LANGUAGE_STANDARD = gnu11;
				GCC_NO_COMMON_BLOCKS = YES;
				GCC_WARN_64_TO_32_BIT_CONVERSION = YES;
				GCC_WARN_ABOUT_RETURN_TYPE = YES_ERROR;
				GCC_WARN_UNDECLARED_SELECTOR = YES;
				GCC_WARN_UNINITIALIZED_AUTOS = YES_AGGRESSIVE;
				GCC_WARN_UNUSED_FUNCTION = YES;
				GCC_WARN_UNUSED_VARIABLE = YES;
				IPHONEOS_DEPLOYMENT_TARGET = 11.0;
				MTL_ENABLE_DEBUG_INFO = NO;
				SDKROOT = iphoneos;
				SWIFT_COMPILATION_MODE = wholemodule;
				SWIFT_OPTIMIZATION_LEVEL = "-O";
				VALIDATE_PRODUCT = YES;
			};
			name = Release;
		};
		76712164212C443900652E3D /* Debug */ = {
			isa = XCBuildConfiguration;
			baseConfigurationReference = E57E56AF2BEAAA1F1EB04C1A /* Pods-WeatherApp-Swift.debug.xcconfig */;
			buildSettings = {
				ASSETCATALOG_COMPILER_APPICON_NAME = AppIcon;
				CODE_SIGN_STYLE = Automatic;
				DEVELOPMENT_TEAM = UH5E4S62N6;
				INFOPLIST_FILE = "$(SRCROOT)/WeatherApp-Swift/Resources/Info.plist";
				LD_RUNPATH_SEARCH_PATHS = (
					"$(inherited)",
					"@executable_path/Frameworks",
				);
				PRODUCT_BUNDLE_IDENTIFIER = "ka.WeatherApp-Swift";
				PRODUCT_NAME = "$(TARGET_NAME)";
				SWIFT_VERSION = 4.0;
				TARGETED_DEVICE_FAMILY = "1,2";
			};
			name = Debug;
		};
		76712165212C443900652E3D /* Release */ = {
			isa = XCBuildConfiguration;
			baseConfigurationReference = 6BFD1FDC3BAE0600A985FC7A /* Pods-WeatherApp-Swift.release.xcconfig */;
			buildSettings = {
				ASSETCATALOG_COMPILER_APPICON_NAME = AppIcon;
				CODE_SIGN_STYLE = Automatic;
				DEVELOPMENT_TEAM = UH5E4S62N6;
				INFOPLIST_FILE = "$(SRCROOT)/WeatherApp-Swift/Resources/Info.plist";
				LD_RUNPATH_SEARCH_PATHS = (
					"$(inherited)",
					"@executable_path/Frameworks",
				);
				PRODUCT_BUNDLE_IDENTIFIER = "ka.WeatherApp-Swift";
				PRODUCT_NAME = "$(TARGET_NAME)";
				SWIFT_VERSION = 4.0;
				TARGETED_DEVICE_FAMILY = "1,2";
			};
			name = Release;
		};
/* End XCBuildConfiguration section */

/* Begin XCConfigurationList section */
		7671214C212C443500652E3D /* Build configuration list for PBXProject "WeatherApp-Swift" */ = {
			isa = XCConfigurationList;
			buildConfigurations = (
				76712161212C443900652E3D /* Debug */,
				76712162212C443900652E3D /* Release */,
			);
			defaultConfigurationIsVisible = 0;
			defaultConfigurationName = Release;
		};
		76712163212C443900652E3D /* Build configuration list for PBXNativeTarget "WeatherApp-Swift" */ = {
			isa = XCConfigurationList;
			buildConfigurations = (
				76712164212C443900652E3D /* Debug */,
				76712165212C443900652E3D /* Release */,
			);
			defaultConfigurationIsVisible = 0;
			defaultConfigurationName = Release;
		};
/* End XCConfigurationList section */
	};
	rootObject = 76712149212C443500652E3D /* Project object */;
}
